
Microsoft Visual Studio Solution File, Format Version 12.00
# Visual Studio 15
Project("{FAE04EC0-301F-11D3-BF4B-00C04F79EFBC}") = "RealidadAumentadaPrueba", "Assembly-CSharp.csproj", "{EE7AC260-EA0D-41B8-2104-E82B1BE1F1E5}"
EndProject
Project("{FAE04EC0-301F-11D3-BF4B-00C04F79EFBC}") = "RealidadAumentadaPrueba", "Assembly-CSharp-Editor.csproj", "{9D16B88E-FCE6-617C-58D9-33CC34DEEC52}"
EndProject
Global
	GlobalSection(SolutionConfigurationPlatforms) = preSolution
		Debug|Any CPU = Debug|Any CPU
		Release|Any CPU = Release|Any CPU
	EndGlobalSection
	GlobalSection(ProjectConfigurationPlatforms) = postSolution
		{EE7AC260-EA0D-41B8-2104-E82B1BE1F1E5}.Debug|Any CPU.ActiveCfg = Debug|Any CPU
		{EE7AC260-EA0D-41B8-2104-E82B1BE1F1E5}.Debug|Any CPU.Build.0 = Debug|Any CPU
		{EE7AC260-EA0D-41B8-2104-E82B1BE1F1E5}.Release|Any CPU.ActiveCfg = Release|Any CPU
		{EE7AC260-EA0D-41B8-2104-E82B1BE1F1E5}.Release|Any CPU.Build.0 = Release|Any CPU
		{9D16B88E-FCE6-617C-58D9-33CC34DEEC52}.Debug|Any CPU.ActiveCfg = Debug|Any CPU
		{9D16B88E-FCE6-617C-58D9-33CC34DEEC52}.Debug|Any CPU.Build.0 = Debug|Any CPU
		{9D16B88E-FCE6-617C-58D9-33CC34DEEC52}.Release|Any CPU.ActiveCfg = Release|Any CPU
		{9D16B88E-FCE6-617C-58D9-33CC34DEEC52}.Release|Any CPU.Build.0 = Release|Any CPU
	EndGlobalSection
	GlobalSection(SolutionProperties) = preSolution
		HideSolutionNode = FALSE
	EndGlobalSection
EndGlobal
